<?xml version="1.0" encoding="utf-8"?>
<Project ToolsVersion="4.0" xmlns="http://schemas.microsoft.com/developer/msbuild/2003">
  <ItemGroup>
    <Filter Include="헤더 파일">
      <UniqueIdentifier>{93995380-89BD-4b04-88EB-625FBE52EBFB}</UniqueIdentifier>
      <Extensions>h;hh;hpp;hxx;h++;hm;inl;inc;ipp;xsd</Extensions>
    </Filter>
    <Filter Include="리소스 파일">
      <UniqueIdentifier>{67DA6AB6-F800-4c08-8B7A-83BB121AAD01}</UniqueIdentifier>
      <Extensions>rc;ico;cur;bmp;dlg;rc2;rct;bin;rgs;gif;jpg;jpeg;jpe;resx;tiff;tif;png;wav;mfcribbon-ms</Extensions>
    </Filter>
    <Filter Include="Engine">
      <UniqueIdentifier>{4FC737F1-C7A5-4376-A066-2A32D752A2FF}</UniqueIdentifier>
      <Extensions>cpp;c;cc;cxx;c++;cppm;ixx;def;odl;idl;hpj;bat;asm;asmx</Extensions>
    </Filter>
    <Filter Include="Game">
      <UniqueIdentifier>{6e9de37f-bd90-485b-9c99-0d99cb958420}</UniqueIdentifier>
    </Filter>
    <Filter Include="Main">
      <UniqueIdentifier>{439066d2-b0a9-4bd9-b8c2-dd815a3bbf08}</UniqueIdentifier>
    </Filter>
    <Filter Include="Util">
      <UniqueIdentifier>{d5c299f3-6294-43e3-a61c-7f2e3cced581}</UniqueIdentifier>
    </Filter>
    <Filter Include="Game\Object">
      <UniqueIdentifier>{fa9d6de6-5977-43bd-804d-030832a68ecc}</UniqueIdentifier>
    </Filter>
    <Filter Include="Game\Component">
      <UniqueIdentifier>{23bef8ac-4a72-44f3-98e2-cd98b6c72dd2}</UniqueIdentifier>
    </Filter>
  </ItemGroup>
  <ItemGroup>
    <ClCompile Include="main.cpp">
      <Filter>Main</Filter>
    </ClCompile>
    <ClCompile Include="screen.cpp">
      <Filter>Engine</Filter>
    </ClCompile>
    <ClCompile Include="render.cpp">
      <Filter>Engine</Filter>
    </ClCompile>
    <ClCompile Include="gameObject.cpp">
      <Filter>Game</Filter>
    </ClCompile>
    <ClCompile Include="engine.cpp">
      <Filter>Engine</Filter>
    </ClCompile>
    <ClCompile Include="component.cpp">
      <Filter>Game</Filter>
    </ClCompile>
    <ClCompile Include="Example.cpp">
      <Filter>Game\Object</Filter>
    </ClCompile>
    <ClCompile Include="renderer.cpp">
      <Filter>Game\Component</Filter>
    </ClCompile>
    <ClCompile Include="transform.cpp">
      <Filter>Game\Component</Filter>
    </ClCompile>
    <ClCompile Include="collision.cpp">
      <Filter>Game\Component</Filter>
    </ClCompile>
  </ItemGroup>
  <ItemGroup>
    <ClInclude Include="render.h">
      <Filter>Engine</Filter>
    </ClInclude>
    <ClInclude Include="screen.h">
      <Filter>Engine</Filter>
    </ClInclude>
    <ClInclude Include="define.h">
      <Filter>Main</Filter>
    </ClInclude>
    <ClInclude Include="singleton.h">
      <Filter>Util</Filter>
    </ClInclude>
    <ClInclude Include="gameObject.h">
      <Filter>Game</Filter>
    </ClInclude>
    <ClInclude Include="component.h">
      <Filter>Game</Filter>
    </ClInclude>
    <ClInclude Include="engine.h">
      <Filter>Engine</Filter>
    </ClInclude>
    <ClInclude Include="Example.h">
      <Filter>Game\Object</Filter>
    </ClInclude>
    <ClInclude Include="transform.h">
      <Filter>Game\Component</Filter>
    </ClInclude>
    <ClInclude Include="renderer.h">
      <Filter>Game\Component</Filter>
    </ClInclude>
    <ClInclude Include="collision.h">
      <Filter>Game\Component</Filter>
    </ClInclude>
  </ItemGroup>
</Project>